
Microsoft Visual Studio Solution File, Format Version 12.00
# Visual Studio Version 16
VisualStudioVersion = 16.0.30330.147
MinimumVisualStudioVersion = 10.0.40219.1
Project("{FAE04EC0-301F-11D3-BF4B-00C04F79EFBC}") = "TicTacToe", "TicTacToe\TicTacToe.csproj", "{9A051D35-153C-4811-9CF4-D299563EF0F0}"
EndProject
Global
	GlobalSection(SolutionConfigurationPlatforms) = preSolution
		Debug|Any CPU = Debug|Any CPU
		Release|Any CPU = Release|Any CPU
	EndGlobalSection
	GlobalSection(ProjectConfigurationPlatforms) = postSolution
		{9A051D35-153C-4811-9CF4-D299563EF0F0}.Debug|Any CPU.ActiveCfg = Debug|Any CPU
		{9A051D35-153C-4811-9CF4-D299563EF0F0}.Debug|Any CPU.Build.0 = Debug|Any CPU
		{9A051D35-153C-4811-9CF4-D299563EF0F0}.Release|Any CPU.ActiveCfg = Release|Any CPU
		{9A051D35-153C-4811-9CF4-D299563EF0F0}.Release|Any CPU.Build.0 = Release|Any CPU
	EndGlobalSection
	GlobalSection(SolutionProperties) = preSolution
		HideSolutionNode = FALSE
	EndGlobalSection
	GlobalSection(ExtensibilityGlobals) = postSolution
		SolutionGuid = {62F66D9D-996F-4555-B62F-671EED68B3F9}
	EndGlobalSection
EndGlobal
